
Microsoft Visual Studio Solution File, Format Version 12.00
# Visual Studio Version 17
VisualStudioVersion = 17.5.33516.290
MinimumVisualStudioVersion = 10.0.40219.1
Project("{2150E333-8FDC-42A3-9474-1A3956D46DE8}") = "pub-sub", "pub-sub", "{799D85AE-0BA1-42F0-9CAB-AF9269280652}"
EndProject
Project("{9A19103F-16F7-4668-BE54-9A1E7A4F7556}") = "MessageBroker", "MessageBroker\MessageBroker.csproj", "{67B04069-8E99-4DEB-94F3-DB0FB0E3671F}"
EndProject
Project("{9A19103F-16F7-4668-BE54-9A1E7A4F7556}") = "Subscriber", "Subscriber\Subscriber.csproj", "{20CED86E-B5DA-4F58-915D-CD184D268300}"
EndProject
Project("{2150E333-8FDC-42A3-9474-1A3956D46DE8}") = "async-pattern", "async-pattern", "{B258DAF4-D911-41E2-B5DF-F36E68FBB392}"
EndProject
Project("{9A19103F-16F7-4668-BE54-9A1E7A4F7556}") = "ProductAPI", "ProductAPI\ProductAPI.csproj", "{9CEACECC-1927-4C92-B254-77FD5AFC07D5}"
EndProject
Project("{2150E333-8FDC-42A3-9474-1A3956D46DE8}") = "pub-sub-rabbitmq", "pub-sub-rabbitmq", "{E6436AFC-9F44-465B-9D08-A40B32E7699F}"
	ProjectSection(SolutionItems) = preProject
		docker-compose.yml = docker-compose.yml
	EndProjectSection
EndProject
Project("{9A19103F-16F7-4668-BE54-9A1E7A4F7556}") = "formulaAirline.API", "formulaAirline.API\formulaAirline.API.csproj", "{A45DBDEC-F3DD-40C6-BEFE-735CA454450D}"
EndProject
Project("{9A19103F-16F7-4668-BE54-9A1E7A4F7556}") = "formulaAirline.TicketProcessing", "formulaAirline.TicketProcessing\formulaAirline.TicketProcessing.csproj", "{976F5E19-3F51-4F9D-8465-8559CC414283}"
EndProject
Project("{2150E333-8FDC-42A3-9474-1A3956D46DE8}") = "01_Design_patterns", "01_Design_patterns", "{73871356-C8B2-46AF-B2C4-5A13E48CD5E7}"
EndProject
Project("{9A19103F-16F7-4668-BE54-9A1E7A4F7556}") = "design_pattern_c#", "design_pattern_c#\design_pattern_c#.csproj", "{28F36B8C-16C1-43C7-ADFC-0C8B1BCFFD18}"
EndProject
Project("{9A19103F-16F7-4668-BE54-9A1E7A4F7556}") = "SOLID", "SOLID\SOLID.csproj", "{7126D735-070F-4B16-8810-1671A1676991}"
EndProject
Project("{9A19103F-16F7-4668-BE54-9A1E7A4F7556}") = "parkinglot.system", "parkinglot.system\parkinglot.system.csproj", "{9C297BCC-DA3A-4216-84AC-8E755C90246D}"
EndProject
Project("{2150E333-8FDC-42A3-9474-1A3956D46DE8}") = "exercises", "exercises", "{E717C914-3652-4846-9524-D4C5A8E7A7F1}"
EndProject
Project("{FAE04EC0-301F-11D3-BF4B-00C04F79EFBC}") = "vendingmachine.system", "vendingmachine.system\vendingmachine.system.csproj", "{8F9DEE4D-A479-4FFB-9E3A-A3C7BA15F2A4}"
EndProject
Global
	GlobalSection(SolutionConfigurationPlatforms) = preSolution
		Debug|Any CPU = Debug|Any CPU
		Release|Any CPU = Release|Any CPU
	EndGlobalSection
	GlobalSection(ProjectConfigurationPlatforms) = postSolution
		{67B04069-8E99-4DEB-94F3-DB0FB0E3671F}.Debug|Any CPU.ActiveCfg = Debug|Any CPU
		{67B04069-8E99-4DEB-94F3-DB0FB0E3671F}.Debug|Any CPU.Build.0 = Debug|Any CPU
		{67B04069-8E99-4DEB-94F3-DB0FB0E3671F}.Release|Any CPU.ActiveCfg = Release|Any CPU
		{67B04069-8E99-4DEB-94F3-DB0FB0E3671F}.Release|Any CPU.Build.0 = Release|Any CPU
		{20CED86E-B5DA-4F58-915D-CD184D268300}.Debug|Any CPU.ActiveCfg = Debug|Any CPU
		{20CED86E-B5DA-4F58-915D-CD184D268300}.Debug|Any CPU.Build.0 = Debug|Any CPU
		{20CED86E-B5DA-4F58-915D-CD184D268300}.Release|Any CPU.ActiveCfg = Release|Any CPU
		{20CED86E-B5DA-4F58-915D-CD184D268300}.Release|Any CPU.Build.0 = Release|Any CPU
		{9CEACECC-1927-4C92-B254-77FD5AFC07D5}.Debug|Any CPU.ActiveCfg = Debug|Any CPU
		{9CEACECC-1927-4C92-B254-77FD5AFC07D5}.Debug|Any CPU.Build.0 = Debug|Any CPU
		{9CEACECC-1927-4C92-B254-77FD5AFC07D5}.Release|Any CPU.ActiveCfg = Release|Any CPU
		{9CEACECC-1927-4C92-B254-77FD5AFC07D5}.Release|Any CPU.Build.0 = Release|Any CPU
		{A45DBDEC-F3DD-40C6-BEFE-735CA454450D}.Debug|Any CPU.ActiveCfg = Debug|Any CPU
		{A45DBDEC-F3DD-40C6-BEFE-735CA454450D}.Debug|Any CPU.Build.0 = Debug|Any CPU
		{A45DBDEC-F3DD-40C6-BEFE-735CA454450D}.Release|Any CPU.ActiveCfg = Release|Any CPU
		{A45DBDEC-F3DD-40C6-BEFE-735CA454450D}.Release|Any CPU.Build.0 = Release|Any CPU
		{976F5E19-3F51-4F9D-8465-8559CC414283}.Debug|Any CPU.ActiveCfg = Debug|Any CPU
		{976F5E19-3F51-4F9D-8465-8559CC414283}.Debug|Any CPU.Build.0 = Debug|Any CPU
		{976F5E19-3F51-4F9D-8465-8559CC414283}.Release|Any CPU.ActiveCfg = Release|Any CPU
		{976F5E19-3F51-4F9D-8465-8559CC414283}.Release|Any CPU.Build.0 = Release|Any CPU
		{28F36B8C-16C1-43C7-ADFC-0C8B1BCFFD18}.Debug|Any CPU.ActiveCfg = Debug|Any CPU
		{28F36B8C-16C1-43C7-ADFC-0C8B1BCFFD18}.Debug|Any CPU.Build.0 = Debug|Any CPU
		{28F36B8C-16C1-43C7-ADFC-0C8B1BCFFD18}.Release|Any CPU.ActiveCfg = Release|Any CPU
		{28F36B8C-16C1-43C7-ADFC-0C8B1BCFFD18}.Release|Any CPU.Build.0 = Release|Any CPU
		{7126D735-070F-4B16-8810-1671A1676991}.Debug|Any CPU.ActiveCfg = Debug|Any CPU
		{7126D735-070F-4B16-8810-1671A1676991}.Debug|Any CPU.Build.0 = Debug|Any CPU
		{7126D735-070F-4B16-8810-1671A1676991}.Release|Any CPU.ActiveCfg = Release|Any CPU
		{7126D735-070F-4B16-8810-1671A1676991}.Release|Any CPU.Build.0 = Release|Any CPU
		{9C297BCC-DA3A-4216-84AC-8E755C90246D}.Debug|Any CPU.ActiveCfg = Debug|Any CPU
		{9C297BCC-DA3A-4216-84AC-8E755C90246D}.Debug|Any CPU.Build.0 = Debug|Any CPU
		{9C297BCC-DA3A-4216-84AC-8E755C90246D}.Release|Any CPU.ActiveCfg = Release|Any CPU
		{9C297BCC-DA3A-4216-84AC-8E755C90246D}.Release|Any CPU.Build.0 = Release|Any CPU
		{8F9DEE4D-A479-4FFB-9E3A-A3C7BA15F2A4}.Debug|Any CPU.ActiveCfg = Debug|Any CPU
		{8F9DEE4D-A479-4FFB-9E3A-A3C7BA15F2A4}.Debug|Any CPU.Build.0 = Debug|Any CPU
		{8F9DEE4D-A479-4FFB-9E3A-A3C7BA15F2A4}.Release|Any CPU.ActiveCfg = Release|Any CPU
		{8F9DEE4D-A479-4FFB-9E3A-A3C7BA15F2A4}.Release|Any CPU.Build.0 = Release|Any CPU
	EndGlobalSection
	GlobalSection(SolutionProperties) = preSolution
		HideSolutionNode = FALSE
	EndGlobalSection
	GlobalSection(NestedProjects) = preSolution
		{67B04069-8E99-4DEB-94F3-DB0FB0E3671F} = {799D85AE-0BA1-42F0-9CAB-AF9269280652}
		{20CED86E-B5DA-4F58-915D-CD184D268300} = {799D85AE-0BA1-42F0-9CAB-AF9269280652}
		{9CEACECC-1927-4C92-B254-77FD5AFC07D5} = {B258DAF4-D911-41E2-B5DF-F36E68FBB392}
		{A45DBDEC-F3DD-40C6-BEFE-735CA454450D} = {E6436AFC-9F44-465B-9D08-A40B32E7699F}
		{976F5E19-3F51-4F9D-8465-8559CC414283} = {E6436AFC-9F44-465B-9D08-A40B32E7699F}
		{28F36B8C-16C1-43C7-ADFC-0C8B1BCFFD18} = {73871356-C8B2-46AF-B2C4-5A13E48CD5E7}
		{7126D735-070F-4B16-8810-1671A1676991} = {73871356-C8B2-46AF-B2C4-5A13E48CD5E7}
		{9C297BCC-DA3A-4216-84AC-8E755C90246D} = {E717C914-3652-4846-9524-D4C5A8E7A7F1}
		{E717C914-3652-4846-9524-D4C5A8E7A7F1} = {73871356-C8B2-46AF-B2C4-5A13E48CD5E7}
		{8F9DEE4D-A479-4FFB-9E3A-A3C7BA15F2A4} = {E717C914-3652-4846-9524-D4C5A8E7A7F1}
	EndGlobalSection
	GlobalSection(ExtensibilityGlobals) = postSolution
		SolutionGuid = {877C31B8-8AC5-429B-9DCE-A16FB648DC5B}
	EndGlobalSection
EndGlobal
